// !$*UTF8*$!
{
	archiveVersion = 1;
	classes = {
	};
	objectVersion = 46;
	objects = {

/* Begin PBXBuildFile section */
		1D2A4C8A1A46353000903B9C /* parser.swift in Sources */ = {isa = PBXBuildFile; fileRef = 1D2A4C891A46353000903B9C /* parser.swift */; };
		1DE11C9B1A44EB25001C7FE8 /* main.swift in Sources */ = {isa = PBXBuildFile; fileRef = 1DE11C9A1A44EB25001C7FE8 /* main.swift */; };
		1DE11CA31A4506FF001C7FE8 /* csv.swift in Sources */ = {isa = PBXBuildFile; fileRef = 1DE11CA21A4506FF001C7FE8 /* csv.swift */; };
		1DE11CA51A459FEE001C7FE8 /* cue.swift in Sources */ = {isa = PBXBuildFile; fileRef = 1DE11CA41A459FEE001C7FE8 /* cue.swift */; };
		1DE11CA71A45A0BB001C7FE8 /* group_cue.swift in Sources */ = {isa = PBXBuildFile; fileRef = 1DE11CA61A45A0BB001C7FE8 /* group_cue.swift */; };
		1DE11CAA1A45A268001C7FE8 /* start_cue.swift in Sources */ = {isa = PBXBuildFile; fileRef = 1DE11CA91A45A268001C7FE8 /* start_cue.swift */; };
		1DE11CAC1A45A9E8001C7FE8 /* lx_go_cue.swift in Sources */ = {isa = PBXBuildFile; fileRef = 1DE11CAB1A45A9E8001C7FE8 /* lx_go_cue.swift */; };
/* End PBXBuildFile section */

/* Begin PBXCopyFilesBuildPhase section */
		1DE11C951A44EB24001C7FE8 /* CopyFiles */ = {
			isa = PBXCopyFilesBuildPhase;
			buildActionMask = 2147483647;
			dstPath = /usr/share/man/man1/;
			dstSubfolderSpec = 0;
			files = (
			);
			runOnlyForDeploymentPostprocessing = 1;
		};
/* End PBXCopyFilesBuildPhase section */

/* Begin PBXFileReference section */
		1D2A4C891A46353000903B9C /* parser.swift */ = {isa = PBXFileReference; fileEncoding = 4; lastKnownFileType = sourcecode.swift; path = parser.swift; sourceTree = "<group>"; };
		1DE11C971A44EB25001C7FE8 /* QLab From CSV */ = {isa = PBXFileReference; explicitFileType = "compiled.mach-o.executable"; includeInIndex = 0; path = "QLab From CSV"; sourceTree = BUILT_PRODUCTS_DIR; };
		1DE11C9A1A44EB25001C7FE8 /* main.swift */ = {isa = PBXFileReference; lastKnownFileType = sourcecode.swift; path = main.swift; sourceTree = "<group>"; };
		1DE11CA11A44ED10001C7FE8 /* sample_cues.csv */ = {isa = PBXFileReference; fileEncoding = 4; lastKnownFileType = text; name = sample_cues.csv; path = ../sample_cues.csv; sourceTree = "<group>"; };
		1DE11CA21A4506FF001C7FE8 /* csv.swift */ = {isa = PBXFileReference; fileEncoding = 4; lastKnownFileType = sourcecode.swift; path = csv.swift; sourceTree = "<group>"; };
		1DE11CA41A459FEE001C7FE8 /* cue.swift */ = {isa = PBXFileReference; fileEncoding = 4; lastKnownFileType = sourcecode.swift; path = cue.swift; sourceTree = "<group>"; };
		1DE11CA61A45A0BB001C7FE8 /* group_cue.swift */ = {isa = PBXFileReference; fileEncoding = 4; lastKnownFileType = sourcecode.swift; path = group_cue.swift; sourceTree = "<group>"; };
		1DE11CA91A45A268001C7FE8 /* start_cue.swift */ = {isa = PBXFileReference; fileEncoding = 4; lastKnownFileType = sourcecode.swift; path = start_cue.swift; sourceTree = "<group>"; };
		1DE11CAB1A45A9E8001C7FE8 /* lx_go_cue.swift */ = {isa = PBXFileReference; fileEncoding = 4; lastKnownFileType = sourcecode.swift; path = lx_go_cue.swift; sourceTree = "<group>"; };
/* End PBXFileReference section */

/* Begin PBXFrameworksBuildPhase section */
		1DE11C941A44EB24001C7FE8 /* Frameworks */ = {
			isa = PBXFrameworksBuildPhase;
			buildActionMask = 2147483647;
			files = (
			);
			runOnlyForDeploymentPostprocessing = 0;
		};
/* End PBXFrameworksBuildPhase section */

/* Begin PBXGroup section */
		1DE11C8E1A44EB24001C7FE8 = {
			isa = PBXGroup;
			children = (
				1DE11CA11A44ED10001C7FE8 /* sample_cues.csv */,
				1DE11C991A44EB25001C7FE8 /* QLab From CSV */,
				1DE11C981A44EB25001C7FE8 /* Products */,
			);
			sourceTree = "<group>";
		};
		1DE11C981A44EB25001C7FE8 /* Products */ = {
			isa = PBXGroup;
			children = (
				1DE11C971A44EB25001C7FE8 /* QLab From CSV */,
			);
			name = Products;
			sourceTree = "<group>";
		};
		1DE11C991A44EB25001C7FE8 /* QLab From CSV */ = {
			isa = PBXGroup;
			children = (
				1DE11CA81A45A0C5001C7FE8 /* cues */,
				1DE11C9A1A44EB25001C7FE8 /* main.swift */,
				1DE11CA21A4506FF001C7FE8 /* csv.swift */,
				1D2A4C891A46353000903B9C /* parser.swift */,
			);
			path = "QLab From CSV";
			sourceTree = "<group>";
		};
		1DE11CA81A45A0C5001C7FE8 /* cues */ = {
			isa = PBXGroup;
			children = (
				1DE11CA41A459FEE001C7FE8 /* cue.swift */,
				1DE11CA61A45A0BB001C7FE8 /* group_cue.swift */,
				1DE11CA91A45A268001C7FE8 /* start_cue.swift */,
				1DE11CAB1A45A9E8001C7FE8 /* lx_go_cue.swift */,
			);
			name = cues;
			sourceTree = "<group>";
		};
/* End PBXGroup section */

/* Begin PBXNativeTarget section */
		1DE11C961A44EB24001C7FE8 /* QLab From CSV */ = {
			isa = PBXNativeTarget;
			buildConfigurationList = 1DE11C9E1A44EB25001C7FE8 /* Build configuration list for PBXNativeTarget "QLab From CSV" */;
			buildPhases = (
				1DE11C931A44EB24001C7FE8 /* Sources */,
				1DE11C941A44EB24001C7FE8 /* Frameworks */,
				1DE11C951A44EB24001C7FE8 /* CopyFiles */,
			);
			buildRules = (
			);
			dependencies = (
			);
			name = "QLab From CSV";
			productName = "QLab From CSV";
			productReference = 1DE11C971A44EB25001C7FE8 /* QLab From CSV */;
			productType = "com.apple.product-type.tool";
		};
/* End PBXNativeTarget section */

/* Begin PBXProject section */
		1DE11C8F1A44EB24001C7FE8 /* Project object */ = {
			isa = PBXProject;
			attributes = {
				LastUpgradeCheck = 0610;
				ORGANIZATIONNAME = "Jay Anslow";
				TargetAttributes = {
					1DE11C961A44EB24001C7FE8 = {
						CreatedOnToolsVersion = 6.1.1;
					};
				};
			};
			buildConfigurationList = 1DE11C921A44EB24001C7FE8 /* Build configuration list for PBXProject "QLab From CSV" */;
			compatibilityVersion = "Xcode 3.2";
			developmentRegion = English;
			hasScannedForEncodings = 0;
			knownRegions = (
				en,
			);
			mainGroup = 1DE11C8E1A44EB24001C7FE8;
			productRefGroup = 1DE11C981A44EB25001C7FE8 /* Products */;
			projectDirPath = "";
			projectRoot = "";
			targets = (
				1DE11C961A44EB24001C7FE8 /* QLab From CSV */,
			);
		};
/* End PBXProject section */

/* Begin PBXSourcesBuildPhase section */
		1DE11C931A44EB24001C7FE8 /* Sources */ = {
			isa = PBXSourcesBuildPhase;
			buildActionMask = 2147483647;
			files = (
				1D2A4C8A1A46353000903B9C /* parser.swift in Sources */,
				1DE11CAA1A45A268001C7FE8 /* start_cue.swift in Sources */,
				1DE11CAC1A45A9E8001C7FE8 /* lx_go_cue.swift in Sources */,
				1DE11CA51A459FEE001C7FE8 /* cue.swift in Sources */,
				1DE11CA31A4506FF001C7FE8 /* csv.swift in Sources */,
				1DE11C9B1A44EB25001C7FE8 /* main.swift in Sources */,
				1DE11CA71A45A0BB001C7FE8 /* group_cue.swift in Sources */,
			);
			runOnlyForDeploymentPostprocessing = 0;
		};
/* End PBXSourcesBuildPhase section */

/* Begin XCBuildConfiguration section */
		1DE11C9C1A44EB25001C7FE8 /* Debug */ = {
			isa = XCBuildConfiguration;
			buildSettings = {
				ALWAYS_SEARCH_USER_PATHS = NO;
				CLANG_CXX_LANGUAGE_STANDARD = "gnu++0x";
				CLANG_CXX_LIBRARY = "libc++";
				CLANG_ENABLE_MODULES = YES;
				CLANG_ENABLE_OBJC_ARC = YES;
				CLANG_WARN_BOOL_CONVERSION = YES;
				CLANG_WARN_CONSTANT_CONVERSION = YES;
				CLANG_WARN_DIRECT_OBJC_ISA_USAGE = YES_ERROR;
				CLANG_WARN_EMPTY_BODY = YES;
				CLANG_WARN_ENUM_CONVERSION = YES;
				CLANG_WARN_INT_CONVERSION = YES;
				CLANG_WARN_OBJC_ROOT_CLASS = YES_ERROR;
				CLANG_WARN_UNREACHABLE_CODE = YES;
				CLANG_WARN__DUPLICATE_METHOD_MATCH = YES;
				COPY_PHASE_STRIP = NO;
				ENABLE_STRICT_OBJC_MSGSEND = YES;
				GCC_C_LANGUAGE_STANDARD = gnu99;
				GCC_DYNAMIC_NO_PIC = NO;
				GCC_OPTIMIZATION_LEVEL = 0;
				GCC_PREPROCESSOR_DEFINITIONS = (
					"DEBUG=1",
					"$(inherited)",
				);
				GCC_SYMBOLS_PRIVATE_EXTERN = NO;
				GCC_WARN_64_TO_32_BIT_CONVERSION = YES;
				GCC_WARN_ABOUT_RETURN_TYPE = YES_ERROR;
				GCC_WARN_UNDECLARED_SELECTOR = YES;
				GCC_WARN_UNINITIALIZED_AUTOS = YES_AGGRESSIVE;
				GCC_WARN_UNUSED_FUNCTION = YES;
				GCC_WARN_UNUSED_VARIABLE = YES;
				MACOSX_DEPLOYMENT_TARGET = 10.10;
				MTL_ENABLE_DEBUG_INFO = YES;
				ONLY_ACTIVE_ARCH = YES;
				SDKROOT = macosx;
				SWIFT_OPTIMIZATION_LEVEL = "-Onone";
			};
			name = Debug;
		};
		1DE11C9D1A44EB25001C7FE8 /* Release */ = {
			isa = XCBuildConfiguration;
			buildSettings = {
				ALWAYS_SEARCH_USER_PATHS = NO;
				CLANG_CXX_LANGUAGE_STANDARD = "gnu++0x";
				CLANG_CXX_LIBRARY = "libc++";
				CLANG_ENABLE_MODULES = YES;
				CLANG_ENABLE_OBJC_ARC = YES;
				CLANG_WARN_BOOL_CONVERSION = YES;
				CLANG_WARN_CONSTANT_CONVERSION = YES;
				CLANG_WARN_DIRECT_OBJC_ISA_USAGE = YES_ERROR;
				CLANG_WARN_EMPTY_BODY = YES;
				CLANG_WARN_ENUM_CONVERSION = YES;
				CLANG_WARN_INT_CONVERSION = YES;
				CLANG_WARN_OBJC_ROOT_CLASS = YES_ERROR;
				CLANG_WARN_UNREACHABLE_CODE = YES;
				CLANG_WARN__DUPLICATE_METHOD_MATCH = YES;
				COPY_PHASE_STRIP = YES;
				DEBUG_INFORMATION_FORMAT = "dwarf-with-dsym";
				ENABLE_NS_ASSERTIONS = NO;
				ENABLE_STRICT_OBJC_MSGSEND = YES;
				GCC_C_LANGUAGE_STANDARD = gnu99;
				GCC_WARN_64_TO_32_BIT_CONVERSION = YES;
				GCC_WARN_ABOUT_RETURN_TYPE = YES_ERROR;
				GCC_WARN_UNDECLARED_SELECTOR = YES;
				GCC_WARN_UNINITIALIZED_AUTOS = YES_AGGRESSIVE;
				GCC_WARN_UNUSED_FUNCTION = YES;
				GCC_WARN_UNUSED_VARIABLE = YES;
				MACOSX_DEPLOYMENT_TARGET = 10.10;
				MTL_ENABLE_DEBUG_INFO = NO;
				SDKROOT = macosx;
			};
			name = Release;
		};
		1DE11C9F1A44EB25001C7FE8 /* Debug */ = {
			isa = XCBuildConfiguration;
			buildSettings = {
				PRODUCT_NAME = "$(TARGET_NAME)";
			};
			name = Debug;
		};
		1DE11CA01A44EB25001C7FE8 /* Release */ = {
			isa = XCBuildConfiguration;
			buildSettings = {
				PRODUCT_NAME = "$(TARGET_NAME)";
			};
			name = Release;
		};
/* End XCBuildConfiguration section */

/* Begin XCConfigurationList section */
		1DE11C921A44EB24001C7FE8 /* Build configuration list for PBXProject "QLab From CSV" */ = {
			isa = XCConfigurationList;
			buildConfigurations = (
				1DE11C9C1A44EB25001C7FE8 /* Debug */,
				1DE11C9D1A44EB25001C7FE8 /* Release */,
			);
			defaultConfigurationIsVisible = 0;
			defaultConfigurationName = Release;
		};
		1DE11C9E1A44EB25001C7FE8 /* Build configuration list for PBXNativeTarget "QLab From CSV" */ = {
			isa = XCConfigurationList;
			buildConfigurations = (
				1DE11C9F1A44EB25001C7FE8 /* Debug */,
				1DE11CA01A44EB25001C7FE8 /* Release */,
			);
			defaultConfigurationIsVisible = 0;
			defaultConfigurationName = Release;
		};
/* End XCConfigurationList section */
	};
	rootObject = 1DE11C8F1A44EB24001C7FE8 /* Project object */;
}
