// !$*UTF8*$!
{
	archiveVersion = 1;
	classes = {
	};
	objectVersion = 46;
	objects = {

/* Begin PBXBuildFile section */
		1D17ACD41A8F84C00014CC36 /* Main.storyboard in Resources */ = {isa = PBXBuildFile; fileRef = 1DA02BD21A4A40D500F095A6 /* Main.storyboard */; };
		1D1A74D51A7D277A007D7E3C /* ScriptCue.swift in Sources */ = {isa = PBXBuildFile; fileRef = 1D1A74D41A7D277A007D7E3C /* ScriptCue.swift */; };
		1D1A74D71A7D29CE007D7E3C /* LogScriptCue.swift in Sources */ = {isa = PBXBuildFile; fileRef = 1D1A74D61A7D29CE007D7E3C /* LogScriptCue.swift */; };
		1D1A74D91A7D2BE7007D7E3C /* ScriptCueQLabConnector.swift in Sources */ = {isa = PBXBuildFile; fileRef = 1D1A74D81A7D2BE7007D7E3C /* ScriptCueQLabConnector.swift */; };
		1D23D46B1ACF48F3009C0081 /* libQLabKitLibrary.a in Frameworks */ = {isa = PBXBuildFile; fileRef = 1D23D46A1ACF48F3009C0081 /* libQLabKitLibrary.a */; };
		1D23D46E1ACF52B1009C0081 /* CsvTemplate.swift in Sources */ = {isa = PBXBuildFile; fileRef = 1D23D46D1ACF52B1009C0081 /* CsvTemplate.swift */; };
		1D23D4721ACF5967009C0081 /* OscCue.swift in Sources */ = {isa = PBXBuildFile; fileRef = 1D23D4711ACF5967009C0081 /* OscCue.swift */; };
		1D23D4741ACF5F5D009C0081 /* OscCueBase.swift in Sources */ = {isa = PBXBuildFile; fileRef = 1D23D4731ACF5F5D009C0081 /* OscCueBase.swift */; };
		1D23D4761ACF61F5009C0081 /* OscCustomCue.swift in Sources */ = {isa = PBXBuildFile; fileRef = 1D23D4751ACF61F5009C0081 /* OscCustomCue.swift */; };
		1D23D4781ACF62D8009C0081 /* OscCustomCueImpl.swift in Sources */ = {isa = PBXBuildFile; fileRef = 1D23D4771ACF62D8009C0081 /* OscCustomCueImpl.swift */; };
		1D23D47A1ACFFEFB009C0081 /* IssueSeverity.swift in Sources */ = {isa = PBXBuildFile; fileRef = 1D23D4791ACFFEFB009C0081 /* IssueSeverity.swift */; };
		1D2BC8921ACFFFDF008E6406 /* ParseIssue.swift in Sources */ = {isa = PBXBuildFile; fileRef = 1D2BC8911ACFFFDF008E6406 /* ParseIssue.swift */; };
		1D2FBF4D1A8D4A7800A285CB /* MasterViewController.swift in Sources */ = {isa = PBXBuildFile; fileRef = 1D2FBF4C1A8D4A7800A285CB /* MasterViewController.swift */; };
		1D5068D31AEC189B002C80F2 /* X32ChannelCue.swift in Sources */ = {isa = PBXBuildFile; fileRef = 1D5068D21AEC189B002C80F2 /* X32ChannelCue.swift */; };
		1D5068D51AEC1A63002C80F2 /* X32AssignChannelToDCACue.swift in Sources */ = {isa = PBXBuildFile; fileRef = 1D5068D41AEC1A63002C80F2 /* X32AssignChannelToDCACue.swift */; };
		1D5068D71AEC1D08002C80F2 /* X32SetChannelMixOnCue.swift in Sources */ = {isa = PBXBuildFile; fileRef = 1D5068D61AEC1D08002C80F2 /* X32SetChannelMixOnCue.swift */; };
		1D5068D91AEC1F0E002C80F2 /* X32DCACue.swift in Sources */ = {isa = PBXBuildFile; fileRef = 1D5068D81AEC1F0E002C80F2 /* X32DCACue.swift */; };
		1D5068DB1AEC1F82002C80F2 /* X32SetDCANameCue.swift in Sources */ = {isa = PBXBuildFile; fileRef = 1D5068DA1AEC1F82002C80F2 /* X32SetDCANameCue.swift */; };
		1D5068DD1AEC21D2002C80F2 /* X32SetDCAColourCue.swift in Sources */ = {isa = PBXBuildFile; fileRef = 1D5068DC1AEC21D2002C80F2 /* X32SetDCAColourCue.swift */; };
		1D5068DF1AEC21F8002C80F2 /* X32Colour.swift in Sources */ = {isa = PBXBuildFile; fileRef = 1D5068DE1AEC21F8002C80F2 /* X32Colour.swift */; };
		1D5CEECC1A6AE29E00BAABAE /* OscCueQLabConnector.swift in Sources */ = {isa = PBXBuildFile; fileRef = 1D5CEECB1A6AE29E00BAABAE /* OscCueQLabConnector.swift */; };
		1D5CEECE1A6AE5A300BAABAE /* OscUdpCue.swift in Sources */ = {isa = PBXBuildFile; fileRef = 1D5CEECD1A6AE5A300BAABAE /* OscUdpCue.swift */; };
		1D60021A1AE8529E0002C28D /* ParseIssueAcceptor.swift in Sources */ = {isa = PBXBuildFile; fileRef = 1D6002191AE8529E0002C28D /* ParseIssueAcceptor.swift */; };
		1D60021B1AE854FF0002C28D /* ParseIssueAcceptorImpl.swift in Sources */ = {isa = PBXBuildFile; fileRef = 1D2BC8931AD00067008E6406 /* ParseIssueAcceptorImpl.swift */; };
		1D6B76111A514C2000B8E24F /* GroupCueQLabConnector.swift in Sources */ = {isa = PBXBuildFile; fileRef = 1D6B76101A514C2000B8E24F /* GroupCueQLabConnector.swift */; };
		1D8F9D811A4F8AB200F94D55 /* ComboBoxDataSource.swift in Sources */ = {isa = PBXBuildFile; fileRef = 1D8F9D801A4F8AB200F94D55 /* ComboBoxDataSource.swift */; };
		1D8F9D831A4F8CCA00F94D55 /* CueComboBoxDataSource.swift in Sources */ = {isa = PBXBuildFile; fileRef = 1D8F9D821A4F8CCA00F94D55 /* CueComboBoxDataSource.swift */; };
		1D990A3F1A4F26D5003A2425 /* WorkspaceComboBoxDataSource.swift in Sources */ = {isa = PBXBuildFile; fileRef = 1D990A3E1A4F26D5003A2425 /* WorkspaceComboBoxDataSource.swift */; };
		1DA02BCD1A4A40D500F095A6 /* AppDelegate.swift in Sources */ = {isa = PBXBuildFile; fileRef = 1DA02BCC1A4A40D500F095A6 /* AppDelegate.swift */; };
		1DA02BCF1A4A40D500F095A6 /* QLabViewController.swift in Sources */ = {isa = PBXBuildFile; fileRef = 1DA02BCE1A4A40D500F095A6 /* QLabViewController.swift */; };
		1DA02BD11A4A40D500F095A6 /* Images.xcassets in Resources */ = {isa = PBXBuildFile; fileRef = 1DA02BD01A4A40D500F095A6 /* Images.xcassets */; };
		1DA02BE91A4A428700F095A6 /* Cue.swift in Sources */ = {isa = PBXBuildFile; fileRef = 1DE11CA41A459FEE001C7FE8 /* Cue.swift */; };
		1DA02BEA1A4A428700F095A6 /* GroupCue.swift in Sources */ = {isa = PBXBuildFile; fileRef = 1DE11CA61A45A0BB001C7FE8 /* GroupCue.swift */; };
		1DA02BEB1A4A428700F095A6 /* StartCue.swift in Sources */ = {isa = PBXBuildFile; fileRef = 1DE11CA91A45A268001C7FE8 /* StartCue.swift */; };
		1DA02BEC1A4A428700F095A6 /* ETCEosGoCue.swift in Sources */ = {isa = PBXBuildFile; fileRef = 1DE11CAB1A45A9E8001C7FE8 /* ETCEosGoCue.swift */; };
		1DA02BED1A4A428700F095A6 /* CsvParser.swift in Sources */ = {isa = PBXBuildFile; fileRef = 1DE11CA21A4506FF001C7FE8 /* CsvParser.swift */; };
		1DA02BEE1A4A428700F095A6 /* RowParser.swift in Sources */ = {isa = PBXBuildFile; fileRef = 1D2A4C891A46353000903B9C /* RowParser.swift */; };
		1DA02BEF1A4A428700F095A6 /* QLabKitImport.m in Sources */ = {isa = PBXBuildFile; fileRef = 1D0193341A478611000A9F53 /* QLabKitImport.m */; };
		1DA02BF01A4A429100F095A6 /* Security.framework in Frameworks */ = {isa = PBXBuildFile; fileRef = 1D2A4CC01A477F6F00903B9C /* Security.framework */; };
		1DA698D11A8ACB8F00321D25 /* CuesViewController.swift in Sources */ = {isa = PBXBuildFile; fileRef = 1DA698D01A8ACB8F00321D25 /* CuesViewController.swift */; };
		1DAC45B01A4DC570004ED504 /* AppKit.framework in Frameworks */ = {isa = PBXBuildFile; fileRef = 1DAC45AF1A4DC570004ED504 /* AppKit.framework */; };
		1DAC45B21A4EE9AB004ED504 /* ServerComboBoxDataSource.swift in Sources */ = {isa = PBXBuildFile; fileRef = 1DAC45B11A4EE9AB004ED504 /* ServerComboBoxDataSource.swift */; };
		1DADB8DB1A816A4800E5F85D /* XCGLogger.swift in Sources */ = {isa = PBXBuildFile; fileRef = 1DADB8DA1A816A4800E5F85D /* XCGLogger.swift */; };
		1DADB8DD1A818FEB00E5F85D /* NSLogDestination.swift in Sources */ = {isa = PBXBuildFile; fileRef = 1DADB8DC1A818FEB00E5F85D /* NSLogDestination.swift */; };
		1DE7EF1E1A6AC9270046B07F /* CueQLabConnectorBase.swift in Sources */ = {isa = PBXBuildFile; fileRef = 1DE7EF1D1A6AC9270046B07F /* CueQLabConnectorBase.swift */; };
		1DE7EF201A6AC9D70046B07F /* StartCueQLabConnector.swift in Sources */ = {isa = PBXBuildFile; fileRef = 1DE7EF1F1A6AC9D70046B07F /* StartCueQLabConnector.swift */; };
		1DEAF4C61A507C8B00BA7FD3 /* CueQLabConnector.swift in Sources */ = {isa = PBXBuildFile; fileRef = 1DEAF4C51A507C8B00BA7FD3 /* CueQLabConnector.swift */; };
		1DF2C4681AE824A4008A22F3 /* CsvTemplateImpl.swift in Sources */ = {isa = PBXBuildFile; fileRef = 1DF2C4671AE824A4008A22F3 /* CsvTemplateImpl.swift */; };
		1DF2C46A1AE825C1008A22F3 /* StandardCsvTemplateFactory.swift in Sources */ = {isa = PBXBuildFile; fileRef = 1DF2C4691AE825C1008A22F3 /* StandardCsvTemplateFactory.swift */; };
		1DF3936A1AE6F1A900F9F80C /* MasterViewControllerImpl.swift in Sources */ = {isa = PBXBuildFile; fileRef = 1DF393691AE6F1A900F9F80C /* MasterViewControllerImpl.swift */; };
		1DF3936E1AE6F26900F9F80C /* ConnectionState.swift in Sources */ = {isa = PBXBuildFile; fileRef = 1DF3936D1AE6F26900F9F80C /* ConnectionState.swift */; };
		1DF393701AE6F27F00F9F80C /* QLabViewControllerImpl.swift in Sources */ = {isa = PBXBuildFile; fileRef = 1DF3936F1AE6F27F00F9F80C /* QLabViewControllerImpl.swift */; };
		1DF393721AE6F2FD00F9F80C /* CuesViewControllerImpl.swift in Sources */ = {isa = PBXBuildFile; fileRef = 1DF393711AE6F2FD00F9F80C /* CuesViewControllerImpl.swift */; };
/* End PBXBuildFile section */

/* Begin PBXFileReference section */
		1D0193331A478610000A9F53 /* QLabFromCsv-Bridging-Header.h */ = {isa = PBXFileReference; lastKnownFileType = sourcecode.c.h; path = "QLabFromCsv-Bridging-Header.h"; sourceTree = "<group>"; };
		1D0193341A478611000A9F53 /* QLabKitImport.m */ = {isa = PBXFileReference; fileEncoding = 4; lastKnownFileType = sourcecode.c.objc; path = QLabKitImport.m; sourceTree = "<group>"; };
		1D1A74D41A7D277A007D7E3C /* ScriptCue.swift */ = {isa = PBXFileReference; fileEncoding = 4; lastKnownFileType = sourcecode.swift; path = ScriptCue.swift; sourceTree = "<group>"; };
		1D1A74D61A7D29CE007D7E3C /* LogScriptCue.swift */ = {isa = PBXFileReference; fileEncoding = 4; lastKnownFileType = sourcecode.swift; path = LogScriptCue.swift; sourceTree = "<group>"; };
		1D1A74D81A7D2BE7007D7E3C /* ScriptCueQLabConnector.swift */ = {isa = PBXFileReference; fileEncoding = 4; lastKnownFileType = sourcecode.swift; name = ScriptCueQLabConnector.swift; path = CueCreators/ScriptCueQLabConnector.swift; sourceTree = "<group>"; };
		1D23D46A1ACF48F3009C0081 /* libQLabKitLibrary.a */ = {isa = PBXFileReference; lastKnownFileType = archive.ar; name = libQLabKitLibrary.a; path = "../../../Library/Developer/Xcode/DerivedData/QLabFromCsv-bkjmkwhjqndzlcdshghxqdizhcfg/Build/Products/Debug/libQLabKitLibrary.a"; sourceTree = "<group>"; };
		1D23D46D1ACF52B1009C0081 /* CsvTemplate.swift */ = {isa = PBXFileReference; fileEncoding = 4; lastKnownFileType = sourcecode.swift; path = CsvTemplate.swift; sourceTree = "<group>"; };
		1D23D4711ACF5967009C0081 /* OscCue.swift */ = {isa = PBXFileReference; fileEncoding = 4; lastKnownFileType = sourcecode.swift; path = OscCue.swift; sourceTree = "<group>"; };
		1D23D4731ACF5F5D009C0081 /* OscCueBase.swift */ = {isa = PBXFileReference; fileEncoding = 4; lastKnownFileType = sourcecode.swift; path = OscCueBase.swift; sourceTree = "<group>"; };
		1D23D4751ACF61F5009C0081 /* OscCustomCue.swift */ = {isa = PBXFileReference; fileEncoding = 4; lastKnownFileType = sourcecode.swift; path = OscCustomCue.swift; sourceTree = "<group>"; };
		1D23D4771ACF62D8009C0081 /* OscCustomCueImpl.swift */ = {isa = PBXFileReference; fileEncoding = 4; lastKnownFileType = sourcecode.swift; path = OscCustomCueImpl.swift; sourceTree = "<group>"; };
		1D23D4791ACFFEFB009C0081 /* IssueSeverity.swift */ = {isa = PBXFileReference; fileEncoding = 4; lastKnownFileType = sourcecode.swift; path = IssueSeverity.swift; sourceTree = "<group>"; };
		1D2A4C891A46353000903B9C /* RowParser.swift */ = {isa = PBXFileReference; fileEncoding = 4; lastKnownFileType = sourcecode.swift; path = RowParser.swift; sourceTree = "<group>"; };
		1D2A4CC01A477F6F00903B9C /* Security.framework */ = {isa = PBXFileReference; lastKnownFileType = wrapper.framework; name = Security.framework; path = System/Library/Frameworks/Security.framework; sourceTree = SDKROOT; };
		1D2BC8911ACFFFDF008E6406 /* ParseIssue.swift */ = {isa = PBXFileReference; fileEncoding = 4; lastKnownFileType = sourcecode.swift; path = ParseIssue.swift; sourceTree = "<group>"; };
		1D2BC8931AD00067008E6406 /* ParseIssueAcceptorImpl.swift */ = {isa = PBXFileReference; fileEncoding = 4; lastKnownFileType = sourcecode.swift; path = ParseIssueAcceptorImpl.swift; sourceTree = "<group>"; };
		1D2FBF4C1A8D4A7800A285CB /* MasterViewController.swift */ = {isa = PBXFileReference; fileEncoding = 4; lastKnownFileType = sourcecode.swift; name = MasterViewController.swift; path = ViewControllers/MasterViewController.swift; sourceTree = "<group>"; };
		1D5068D21AEC189B002C80F2 /* X32ChannelCue.swift */ = {isa = PBXFileReference; fileEncoding = 4; lastKnownFileType = sourcecode.swift; path = X32ChannelCue.swift; sourceTree = "<group>"; };
		1D5068D41AEC1A63002C80F2 /* X32AssignChannelToDCACue.swift */ = {isa = PBXFileReference; fileEncoding = 4; lastKnownFileType = sourcecode.swift; path = X32AssignChannelToDCACue.swift; sourceTree = "<group>"; };
		1D5068D61AEC1D08002C80F2 /* X32SetChannelMixOnCue.swift */ = {isa = PBXFileReference; fileEncoding = 4; lastKnownFileType = sourcecode.swift; path = X32SetChannelMixOnCue.swift; sourceTree = "<group>"; };
		1D5068D81AEC1F0E002C80F2 /* X32DCACue.swift */ = {isa = PBXFileReference; fileEncoding = 4; lastKnownFileType = sourcecode.swift; path = X32DCACue.swift; sourceTree = "<group>"; };
		1D5068DA1AEC1F82002C80F2 /* X32SetDCANameCue.swift */ = {isa = PBXFileReference; fileEncoding = 4; lastKnownFileType = sourcecode.swift; path = X32SetDCANameCue.swift; sourceTree = "<group>"; };
		1D5068DC1AEC21D2002C80F2 /* X32SetDCAColourCue.swift */ = {isa = PBXFileReference; fileEncoding = 4; lastKnownFileType = sourcecode.swift; path = X32SetDCAColourCue.swift; sourceTree = "<group>"; };
		1D5068DE1AEC21F8002C80F2 /* X32Colour.swift */ = {isa = PBXFileReference; fileEncoding = 4; lastKnownFileType = sourcecode.swift; path = X32Colour.swift; sourceTree = "<group>"; };
		1D5CEECB1A6AE29E00BAABAE /* OscCueQLabConnector.swift */ = {isa = PBXFileReference; fileEncoding = 4; lastKnownFileType = sourcecode.swift; name = OscCueQLabConnector.swift; path = CueCreators/OscCueQLabConnector.swift; sourceTree = "<group>"; };
		1D5CEECD1A6AE5A300BAABAE /* OscUdpCue.swift */ = {isa = PBXFileReference; fileEncoding = 4; lastKnownFileType = sourcecode.swift; path = OscUdpCue.swift; sourceTree = "<group>"; };
		1D6002191AE8529E0002C28D /* ParseIssueAcceptor.swift */ = {isa = PBXFileReference; fileEncoding = 4; lastKnownFileType = sourcecode.swift; path = ParseIssueAcceptor.swift; sourceTree = "<group>"; };
		1D6B76101A514C2000B8E24F /* GroupCueQLabConnector.swift */ = {isa = PBXFileReference; fileEncoding = 4; lastKnownFileType = sourcecode.swift; name = GroupCueQLabConnector.swift; path = CueCreators/GroupCueQLabConnector.swift; sourceTree = "<group>"; };
		1D8F9D801A4F8AB200F94D55 /* ComboBoxDataSource.swift */ = {isa = PBXFileReference; fileEncoding = 4; lastKnownFileType = sourcecode.swift; path = ComboBoxDataSource.swift; sourceTree = "<group>"; };
		1D8F9D821A4F8CCA00F94D55 /* CueComboBoxDataSource.swift */ = {isa = PBXFileReference; fileEncoding = 4; lastKnownFileType = sourcecode.swift; path = CueComboBoxDataSource.swift; sourceTree = "<group>"; };
		1D990A3E1A4F26D5003A2425 /* WorkspaceComboBoxDataSource.swift */ = {isa = PBXFileReference; fileEncoding = 4; lastKnownFileType = sourcecode.swift; path = WorkspaceComboBoxDataSource.swift; sourceTree = "<group>"; };
		1DA02BC81A4A40D500F095A6 /* QLabFromCsv.app */ = {isa = PBXFileReference; explicitFileType = wrapper.application; includeInIndex = 0; path = QLabFromCsv.app; sourceTree = BUILT_PRODUCTS_DIR; };
		1DA02BCB1A4A40D500F095A6 /* Info.plist */ = {isa = PBXFileReference; lastKnownFileType = text.plist.xml; path = Info.plist; sourceTree = "<group>"; };
		1DA02BCC1A4A40D500F095A6 /* AppDelegate.swift */ = {isa = PBXFileReference; lastKnownFileType = sourcecode.swift; path = AppDelegate.swift; sourceTree = "<group>"; };
		1DA02BCE1A4A40D500F095A6 /* QLabViewController.swift */ = {isa = PBXFileReference; lastKnownFileType = sourcecode.swift; name = QLabViewController.swift; path = ViewControllers/QLabViewController.swift; sourceTree = "<group>"; };
		1DA02BD01A4A40D500F095A6 /* Images.xcassets */ = {isa = PBXFileReference; lastKnownFileType = folder.assetcatalog; path = Images.xcassets; sourceTree = "<group>"; };
		1DA02BD31A4A40D500F095A6 /* Base */ = {isa = PBXFileReference; lastKnownFileType = file.storyboard; name = Base; path = Base.lproj/Main.storyboard; sourceTree = "<group>"; };
		1DA698D01A8ACB8F00321D25 /* CuesViewController.swift */ = {isa = PBXFileReference; fileEncoding = 4; lastKnownFileType = sourcecode.swift; name = CuesViewController.swift; path = ViewControllers/CuesViewController.swift; sourceTree = "<group>"; };
		1DAC45AF1A4DC570004ED504 /* AppKit.framework */ = {isa = PBXFileReference; lastKnownFileType = wrapper.framework; name = AppKit.framework; path = System/Library/Frameworks/AppKit.framework; sourceTree = SDKROOT; };
		1DAC45B11A4EE9AB004ED504 /* ServerComboBoxDataSource.swift */ = {isa = PBXFileReference; fileEncoding = 4; lastKnownFileType = sourcecode.swift; path = ServerComboBoxDataSource.swift; sourceTree = "<group>"; };
		1DADB8DA1A816A4800E5F85D /* XCGLogger.swift */ = {isa = PBXFileReference; fileEncoding = 4; lastKnownFileType = sourcecode.swift; path = XCGLogger.swift; sourceTree = "<group>"; };
		1DADB8DC1A818FEB00E5F85D /* NSLogDestination.swift */ = {isa = PBXFileReference; fileEncoding = 4; lastKnownFileType = sourcecode.swift; path = NSLogDestination.swift; sourceTree = "<group>"; };
		1DDD5FA31A49CB2C00F52C40 /* QLabKitImport.h */ = {isa = PBXFileReference; lastKnownFileType = sourcecode.c.h; path = QLabKitImport.h; sourceTree = "<group>"; };
		1DE11CA11A44ED10001C7FE8 /* sample_cues.csv */ = {isa = PBXFileReference; fileEncoding = 4; lastKnownFileType = text; name = sample_cues.csv; path = ../sample_cues.csv; sourceTree = "<group>"; };
		1DE11CA21A4506FF001C7FE8 /* CsvParser.swift */ = {isa = PBXFileReference; fileEncoding = 4; lastKnownFileType = sourcecode.swift; path = CsvParser.swift; sourceTree = "<group>"; };
		1DE11CA41A459FEE001C7FE8 /* Cue.swift */ = {isa = PBXFileReference; fileEncoding = 4; lastKnownFileType = sourcecode.swift; path = Cue.swift; sourceTree = "<group>"; };
		1DE11CA61A45A0BB001C7FE8 /* GroupCue.swift */ = {isa = PBXFileReference; fileEncoding = 4; lastKnownFileType = sourcecode.swift; path = GroupCue.swift; sourceTree = "<group>"; };
		1DE11CA91A45A268001C7FE8 /* StartCue.swift */ = {isa = PBXFileReference; fileEncoding = 4; lastKnownFileType = sourcecode.swift; path = StartCue.swift; sourceTree = "<group>"; };
		1DE11CAB1A45A9E8001C7FE8 /* ETCEosGoCue.swift */ = {isa = PBXFileReference; fileEncoding = 4; lastKnownFileType = sourcecode.swift; path = ETCEosGoCue.swift; sourceTree = "<group>"; };
		1DE7EF1D1A6AC9270046B07F /* CueQLabConnectorBase.swift */ = {isa = PBXFileReference; fileEncoding = 4; lastKnownFileType = sourcecode.swift; path = CueQLabConnectorBase.swift; sourceTree = "<group>"; };
		1DE7EF1F1A6AC9D70046B07F /* StartCueQLabConnector.swift */ = {isa = PBXFileReference; fileEncoding = 4; lastKnownFileType = sourcecode.swift; path = StartCueQLabConnector.swift; sourceTree = "<group>"; };
		1DEAF4C51A507C8B00BA7FD3 /* CueQLabConnector.swift */ = {isa = PBXFileReference; fileEncoding = 4; lastKnownFileType = sourcecode.swift; name = CueQLabConnector.swift; path = CueCreators/CueQLabConnector.swift; sourceTree = "<group>"; };
		1DF2C4671AE824A4008A22F3 /* CsvTemplateImpl.swift */ = {isa = PBXFileReference; fileEncoding = 4; lastKnownFileType = sourcecode.swift; path = CsvTemplateImpl.swift; sourceTree = "<group>"; };
		1DF2C4691AE825C1008A22F3 /* StandardCsvTemplateFactory.swift */ = {isa = PBXFileReference; fileEncoding = 4; lastKnownFileType = sourcecode.swift; path = StandardCsvTemplateFactory.swift; sourceTree = "<group>"; };
		1DF393691AE6F1A900F9F80C /* MasterViewControllerImpl.swift */ = {isa = PBXFileReference; fileEncoding = 4; lastKnownFileType = sourcecode.swift; path = MasterViewControllerImpl.swift; sourceTree = "<group>"; };
		1DF3936D1AE6F26900F9F80C /* ConnectionState.swift */ = {isa = PBXFileReference; fileEncoding = 4; lastKnownFileType = sourcecode.swift; path = ConnectionState.swift; sourceTree = "<group>"; };
		1DF3936F1AE6F27F00F9F80C /* QLabViewControllerImpl.swift */ = {isa = PBXFileReference; fileEncoding = 4; lastKnownFileType = sourcecode.swift; path = QLabViewControllerImpl.swift; sourceTree = "<group>"; };
		1DF393711AE6F2FD00F9F80C /* CuesViewControllerImpl.swift */ = {isa = PBXFileReference; fileEncoding = 4; lastKnownFileType = sourcecode.swift; path = CuesViewControllerImpl.swift; sourceTree = "<group>"; };
/* End PBXFileReference section */

/* Begin PBXFrameworksBuildPhase section */
		1DA02BC51A4A40D500F095A6 /* Frameworks */ = {
			isa = PBXFrameworksBuildPhase;
			buildActionMask = 2147483647;
			files = (
				1D23D46B1ACF48F3009C0081 /* libQLabKitLibrary.a in Frameworks */,
				1DAC45B01A4DC570004ED504 /* AppKit.framework in Frameworks */,
				1DA02BF01A4A429100F095A6 /* Security.framework in Frameworks */,
			);
			runOnlyForDeploymentPostprocessing = 0;
		};
/* End PBXFrameworksBuildPhase section */

/* Begin PBXGroup section */
		1D23D46C1ACF51AF009C0081 /* CsvTemplates */ = {
			isa = PBXGroup;
			children = (
				1D23D46D1ACF52B1009C0081 /* CsvTemplate.swift */,
				1DF2C4671AE824A4008A22F3 /* CsvTemplateImpl.swift */,
				1DF2C4691AE825C1008A22F3 /* StandardCsvTemplateFactory.swift */,
			);
			name = CsvTemplates;
			sourceTree = "<group>";
		};
		1D5068CF1AEC16A3002C80F2 /* X32 */ = {
			isa = PBXGroup;
			children = (
				1D5068D21AEC189B002C80F2 /* X32ChannelCue.swift */,
				1D5068D41AEC1A63002C80F2 /* X32AssignChannelToDCACue.swift */,
				1D5068D61AEC1D08002C80F2 /* X32SetChannelMixOnCue.swift */,
				1D5068D81AEC1F0E002C80F2 /* X32DCACue.swift */,
				1D5068DA1AEC1F82002C80F2 /* X32SetDCANameCue.swift */,
				1D5068DC1AEC21D2002C80F2 /* X32SetDCAColourCue.swift */,
				1D5068DE1AEC21F8002C80F2 /* X32Colour.swift */,
			);
			name = X32;
			sourceTree = "<group>";
		};
		1D5068D01AEC16B4002C80F2 /* OSC */ = {
			isa = PBXGroup;
			children = (
				1D5CEECD1A6AE5A300BAABAE /* OscUdpCue.swift */,
				1D23D4711ACF5967009C0081 /* OscCue.swift */,
				1D23D4731ACF5F5D009C0081 /* OscCueBase.swift */,
				1D23D4751ACF61F5009C0081 /* OscCustomCue.swift */,
				1D23D4771ACF62D8009C0081 /* OscCustomCueImpl.swift */,
			);
			name = OSC;
			sourceTree = "<group>";
		};
		1D5068D11AEC16C9002C80F2 /* ETC */ = {
			isa = PBXGroup;
			children = (
				1DE11CAB1A45A9E8001C7FE8 /* ETCEosGoCue.swift */,
			);
			name = ETC;
			sourceTree = "<group>";
		};
		1D8F9D841A4F90CB00F94D55 /* Parsers */ = {
			isa = PBXGroup;
			children = (
				1DE11CA21A4506FF001C7FE8 /* CsvParser.swift */,
				1D2A4C891A46353000903B9C /* RowParser.swift */,
				1D23D4791ACFFEFB009C0081 /* IssueSeverity.swift */,
				1D2BC8911ACFFFDF008E6406 /* ParseIssue.swift */,
				1D2BC8931AD00067008E6406 /* ParseIssueAcceptorImpl.swift */,
				1D6002191AE8529E0002C28D /* ParseIssueAcceptor.swift */,
			);
			name = Parsers;
			sourceTree = "<group>";
		};
		1DA02BC91A4A40D500F095A6 /* QLabFromCsv */ = {
			isa = PBXGroup;
			children = (
				1D23D46C1ACF51AF009C0081 /* CsvTemplates */,
				1DADB8D91A816A3100E5F85D /* XCGLogger */,
				1DEAF4C41A507C6F00BA7FD3 /* QLabConnector */,
				1D8F9D841A4F90CB00F94D55 /* Parsers */,
				1DE11CA81A45A0C5001C7FE8 /* Cues */,
				1DAC45AC1A4DABDE004ED504 /* DataSources */,
				1DDD5FA31A49CB2C00F52C40 /* QLabKitImport.h */,
				1D0193341A478611000A9F53 /* QLabKitImport.m */,
				1D0193331A478610000A9F53 /* QLabFromCsv-Bridging-Header.h */,
				1DA02BCC1A4A40D500F095A6 /* AppDelegate.swift */,
				1DA698CD1A8AC42500321D25 /* ViewControllers */,
				1DA02BE81A4A427300F095A6 /* UI */,
			);
			path = QLabFromCsv;
			sourceTree = "<group>";
		};
		1DA02BCA1A4A40D500F095A6 /* Supporting Files */ = {
			isa = PBXGroup;
			children = (
				1DA02BCB1A4A40D500F095A6 /* Info.plist */,
			);
			name = "Supporting Files";
			sourceTree = "<group>";
		};
		1DA02BE81A4A427300F095A6 /* UI */ = {
			isa = PBXGroup;
			children = (
				1DA02BD01A4A40D500F095A6 /* Images.xcassets */,
				1DA02BD21A4A40D500F095A6 /* Main.storyboard */,
				1DA02BCA1A4A40D500F095A6 /* Supporting Files */,
			);
			name = UI;
			sourceTree = "<group>";
		};
		1DA698CD1A8AC42500321D25 /* ViewControllers */ = {
			isa = PBXGroup;
			children = (
				1DF3936D1AE6F26900F9F80C /* ConnectionState.swift */,
				1DA698D01A8ACB8F00321D25 /* CuesViewController.swift */,
				1DF393711AE6F2FD00F9F80C /* CuesViewControllerImpl.swift */,
				1D2FBF4C1A8D4A7800A285CB /* MasterViewController.swift */,
				1DF393691AE6F1A900F9F80C /* MasterViewControllerImpl.swift */,
				1DA02BCE1A4A40D500F095A6 /* QLabViewController.swift */,
				1DF3936F1AE6F27F00F9F80C /* QLabViewControllerImpl.swift */,
			);
			name = ViewControllers;
			sourceTree = "<group>";
		};
		1DAC45AC1A4DABDE004ED504 /* DataSources */ = {
			isa = PBXGroup;
			children = (
				1D8F9D801A4F8AB200F94D55 /* ComboBoxDataSource.swift */,
				1D8F9D821A4F8CCA00F94D55 /* CueComboBoxDataSource.swift */,
				1DAC45B11A4EE9AB004ED504 /* ServerComboBoxDataSource.swift */,
				1D990A3E1A4F26D5003A2425 /* WorkspaceComboBoxDataSource.swift */,
			);
			name = DataSources;
			sourceTree = "<group>";
		};
		1DADB8D91A816A3100E5F85D /* XCGLogger */ = {
			isa = PBXGroup;
			children = (
				1DADB8DA1A816A4800E5F85D /* XCGLogger.swift */,
				1DADB8DC1A818FEB00E5F85D /* NSLogDestination.swift */,
			);
			name = XCGLogger;
			sourceTree = "<group>";
		};
		1DE11C8E1A44EB24001C7FE8 = {
			isa = PBXGroup;
			children = (
				1DAC45AF1A4DC570004ED504 /* AppKit.framework */,
				1D23D46A1ACF48F3009C0081 /* libQLabKitLibrary.a */,
				1DE11C981A44EB25001C7FE8 /* Products */,
				1DA02BC91A4A40D500F095A6 /* QLabFromCsv */,
				1DE11CA11A44ED10001C7FE8 /* sample_cues.csv */,
				1D2A4CC01A477F6F00903B9C /* Security.framework */,
			);
			sourceTree = "<group>";
		};
		1DE11C981A44EB25001C7FE8 /* Products */ = {
			isa = PBXGroup;
			children = (
				1DA02BC81A4A40D500F095A6 /* QLabFromCsv.app */,
			);
			name = Products;
			sourceTree = "<group>";
		};
		1DE11CA81A45A0C5001C7FE8 /* Cues */ = {
			isa = PBXGroup;
			children = (
				1D5068D11AEC16C9002C80F2 /* ETC */,
				1D5068CF1AEC16A3002C80F2 /* X32 */,
				1DE11CA41A459FEE001C7FE8 /* Cue.swift */,
				1DE11CA61A45A0BB001C7FE8 /* GroupCue.swift */,
				1DE11CA91A45A268001C7FE8 /* StartCue.swift */,
				1D5068D01AEC16B4002C80F2 /* OSC */,
				1D1A74D41A7D277A007D7E3C /* ScriptCue.swift */,
				1D1A74D61A7D29CE007D7E3C /* LogScriptCue.swift */,
			);
			name = Cues;
			path = cues;
			sourceTree = "<group>";
		};
		1DEAF4C41A507C6F00BA7FD3 /* QLabConnector */ = {
			isa = PBXGroup;
			children = (
				1DEAF4C51A507C8B00BA7FD3 /* CueQLabConnector.swift */,
				1D6B76101A514C2000B8E24F /* GroupCueQLabConnector.swift */,
				1DE7EF1D1A6AC9270046B07F /* CueQLabConnectorBase.swift */,
				1DE7EF1F1A6AC9D70046B07F /* StartCueQLabConnector.swift */,
				1D5CEECB1A6AE29E00BAABAE /* OscCueQLabConnector.swift */,
				1D1A74D81A7D2BE7007D7E3C /* ScriptCueQLabConnector.swift */,
			);
			name = QLabConnector;
			sourceTree = "<group>";
		};
/* End PBXGroup section */

/* Begin PBXNativeTarget section */
		1DA02BC71A4A40D500F095A6 /* QLabFromCsv */ = {
			isa = PBXNativeTarget;
			buildConfigurationList = 1DA02BE51A4A40D600F095A6 /* Build configuration list for PBXNativeTarget "QLabFromCsv" */;
			buildPhases = (
				1DA02BC41A4A40D500F095A6 /* Sources */,
				1DA02BC51A4A40D500F095A6 /* Frameworks */,
				1DA02BC61A4A40D500F095A6 /* Resources */,
			);
			buildRules = (
			);
			dependencies = (
			);
			name = QLabFromCsv;
			productName = QLabFromCsv;
			productReference = 1DA02BC81A4A40D500F095A6 /* QLabFromCsv.app */;
			productType = "com.apple.product-type.application";
		};
/* End PBXNativeTarget section */

/* Begin PBXProject section */
		1DE11C8F1A44EB24001C7FE8 /* Project object */ = {
			isa = PBXProject;
			attributes = {
				LastUpgradeCheck = 0610;
				ORGANIZATIONNAME = "Jay Anslow";
				TargetAttributes = {
					1DA02BC71A4A40D500F095A6 = {
						CreatedOnToolsVersion = 6.1.1;
					};
				};
			};
			buildConfigurationList = 1DE11C921A44EB24001C7FE8 /* Build configuration list for PBXProject "QLab From CSV" */;
			compatibilityVersion = "Xcode 3.2";
			developmentRegion = English;
			hasScannedForEncodings = 0;
			knownRegions = (
				en,
				Base,
			);
			mainGroup = 1DE11C8E1A44EB24001C7FE8;
			productRefGroup = 1DE11C981A44EB25001C7FE8 /* Products */;
			projectDirPath = "";
			projectRoot = "";
			targets = (
				1DA02BC71A4A40D500F095A6 /* QLabFromCsv */,
			);
		};
/* End PBXProject section */

/* Begin PBXResourcesBuildPhase section */
		1DA02BC61A4A40D500F095A6 /* Resources */ = {
			isa = PBXResourcesBuildPhase;
			buildActionMask = 2147483647;
			files = (
				1DA02BD11A4A40D500F095A6 /* Images.xcassets in Resources */,
				1D17ACD41A8F84C00014CC36 /* Main.storyboard in Resources */,
			);
			runOnlyForDeploymentPostprocessing = 0;
		};
/* End PBXResourcesBuildPhase section */

/* Begin PBXSourcesBuildPhase section */
		1DA02BC41A4A40D500F095A6 /* Sources */ = {
			isa = PBXSourcesBuildPhase;
			buildActionMask = 2147483647;
			files = (
				1D5068D91AEC1F0E002C80F2 /* X32DCACue.swift in Sources */,
				1D23D4781ACF62D8009C0081 /* OscCustomCueImpl.swift in Sources */,
				1D1A74D51A7D277A007D7E3C /* ScriptCue.swift in Sources */,
				1DA02BE91A4A428700F095A6 /* Cue.swift in Sources */,
				1DA02BEA1A4A428700F095A6 /* GroupCue.swift in Sources */,
				1DA02BEB1A4A428700F095A6 /* StartCue.swift in Sources */,
				1D1A74D71A7D29CE007D7E3C /* LogScriptCue.swift in Sources */,
				1D23D47A1ACFFEFB009C0081 /* IssueSeverity.swift in Sources */,
				1DA02BEC1A4A428700F095A6 /* ETCEosGoCue.swift in Sources */,
				1D8F9D831A4F8CCA00F94D55 /* CueComboBoxDataSource.swift in Sources */,
				1DF393721AE6F2FD00F9F80C /* CuesViewControllerImpl.swift in Sources */,
				1DA02BED1A4A428700F095A6 /* CsvParser.swift in Sources */,
				1DA02BEE1A4A428700F095A6 /* RowParser.swift in Sources */,
				1D6B76111A514C2000B8E24F /* GroupCueQLabConnector.swift in Sources */,
				1D1A74D91A7D2BE7007D7E3C /* ScriptCueQLabConnector.swift in Sources */,
				1DE7EF1E1A6AC9270046B07F /* CueQLabConnectorBase.swift in Sources */,
				1DA02BEF1A4A428700F095A6 /* QLabKitImport.m in Sources */,
				1DF3936E1AE6F26900F9F80C /* ConnectionState.swift in Sources */,
				1DEAF4C61A507C8B00BA7FD3 /* CueQLabConnector.swift in Sources */,
				1D5068D51AEC1A63002C80F2 /* X32AssignChannelToDCACue.swift in Sources */,
				1D5068DB1AEC1F82002C80F2 /* X32SetDCANameCue.swift in Sources */,
				1D2BC8921ACFFFDF008E6406 /* ParseIssue.swift in Sources */,
				1DF3936A1AE6F1A900F9F80C /* MasterViewControllerImpl.swift in Sources */,
				1D23D4721ACF5967009C0081 /* OscCue.swift in Sources */,
				1D8F9D811A4F8AB200F94D55 /* ComboBoxDataSource.swift in Sources */,
				1DE7EF201A6AC9D70046B07F /* StartCueQLabConnector.swift in Sources */,
				1DF2C4681AE824A4008A22F3 /* CsvTemplateImpl.swift in Sources */,
				1D5CEECC1A6AE29E00BAABAE /* OscCueQLabConnector.swift in Sources */,
				1DADB8DD1A818FEB00E5F85D /* NSLogDestination.swift in Sources */,
				1D23D4741ACF5F5D009C0081 /* OscCueBase.swift in Sources */,
				1DA02BCF1A4A40D500F095A6 /* QLabViewController.swift in Sources */,
				1D23D46E1ACF52B1009C0081 /* CsvTemplate.swift in Sources */,
				1DA698D11A8ACB8F00321D25 /* CuesViewController.swift in Sources */,
				1DF393701AE6F27F00F9F80C /* QLabViewControllerImpl.swift in Sources */,
				1D5CEECE1A6AE5A300BAABAE /* OscUdpCue.swift in Sources */,
				1D2FBF4D1A8D4A7800A285CB /* MasterViewController.swift in Sources */,
				1DAC45B21A4EE9AB004ED504 /* ServerComboBoxDataSource.swift in Sources */,
				1D5068D71AEC1D08002C80F2 /* X32SetChannelMixOnCue.swift in Sources */,
				1D23D4761ACF61F5009C0081 /* OscCustomCue.swift in Sources */,
				1D990A3F1A4F26D5003A2425 /* WorkspaceComboBoxDataSource.swift in Sources */,
				1DA02BCD1A4A40D500F095A6 /* AppDelegate.swift in Sources */,
				1D5068D31AEC189B002C80F2 /* X32ChannelCue.swift in Sources */,
				1D5068DD1AEC21D2002C80F2 /* X32SetDCAColourCue.swift in Sources */,
				1D5068DF1AEC21F8002C80F2 /* X32Colour.swift in Sources */,
				1DF2C46A1AE825C1008A22F3 /* StandardCsvTemplateFactory.swift in Sources */,
				1DADB8DB1A816A4800E5F85D /* XCGLogger.swift in Sources */,
				1D60021A1AE8529E0002C28D /* ParseIssueAcceptor.swift in Sources */,
				1D60021B1AE854FF0002C28D /* ParseIssueAcceptorImpl.swift in Sources */,
			);
			runOnlyForDeploymentPostprocessing = 0;
		};
/* End PBXSourcesBuildPhase section */

/* Begin PBXVariantGroup section */
		1DA02BD21A4A40D500F095A6 /* Main.storyboard */ = {
			isa = PBXVariantGroup;
			children = (
				1DA02BD31A4A40D500F095A6 /* Base */,
			);
			name = Main.storyboard;
			sourceTree = "<group>";
		};
/* End PBXVariantGroup section */

/* Begin XCBuildConfiguration section */
		1DA02BE11A4A40D600F095A6 /* Debug */ = {
			isa = XCBuildConfiguration;
			buildSettings = {
				ASSETCATALOG_COMPILER_APPICON_NAME = AppIcon;
				CODE_SIGN_IDENTITY = "-";
				COMBINE_HIDPI_IMAGES = YES;
				GCC_PREPROCESSOR_DEFINITIONS = (
					"DEBUG=1",
					"$(inherited)",
				);
				INFOPLIST_FILE = QLabFromCsv/Info.plist;
				LD_RUNPATH_SEARCH_PATHS = "$(inherited) @executable_path/../Frameworks";
				LIBRARY_SEARCH_PATHS = (
					"$(inherited)",
					"$(USER_LIBRARY_DIR)/Developer/Xcode/DerivedData/QLabFromCsv-frmkbetinvdpmyazzjjneuaiykjs/Build/Products/Debug",
					"$(USER_LIBRARY_DIR)/Developer/Xcode/DerivedData/QLabFromCsv-bkjmkwhjqndzlcdshghxqdizhcfg/Build/Products/Debug",
				);
				OTHER_SWIFT_FLAGS = "-D DEBUG";
				PRODUCT_NAME = "$(TARGET_NAME)";
				SWIFT_OBJC_BRIDGING_HEADER = "QLabFromCsv/QLabFromCsv-Bridging-Header.h";
			};
			name = Debug;
		};
		1DA02BE21A4A40D600F095A6 /* Release */ = {
			isa = XCBuildConfiguration;
			buildSettings = {
				ASSETCATALOG_COMPILER_APPICON_NAME = AppIcon;
				CODE_SIGN_IDENTITY = "-";
				COMBINE_HIDPI_IMAGES = YES;
				INFOPLIST_FILE = QLabFromCsv/Info.plist;
				LD_RUNPATH_SEARCH_PATHS = "$(inherited) @executable_path/../Frameworks";
				LIBRARY_SEARCH_PATHS = (
					"$(inherited)",
					"$(USER_LIBRARY_DIR)/Developer/Xcode/DerivedData/QLabFromCsv-frmkbetinvdpmyazzjjneuaiykjs/Build/Products/Debug",
					"$(USER_LIBRARY_DIR)/Developer/Xcode/DerivedData/QLabFromCsv-bkjmkwhjqndzlcdshghxqdizhcfg/Build/Products/Debug",
				);
				PRODUCT_NAME = "$(TARGET_NAME)";
				SWIFT_OBJC_BRIDGING_HEADER = "QLabFromCsv/QLabFromCsv-Bridging-Header.h";
			};
			name = Release;
		};
		1DE11C9C1A44EB25001C7FE8 /* Debug */ = {
			isa = XCBuildConfiguration;
			buildSettings = {
				ALWAYS_SEARCH_USER_PATHS = YES;
				CLANG_CXX_LANGUAGE_STANDARD = "gnu++0x";
				CLANG_CXX_LIBRARY = "libc++";
				CLANG_ENABLE_MODULES = YES;
				CLANG_ENABLE_OBJC_ARC = YES;
				CLANG_WARN_BOOL_CONVERSION = YES;
				CLANG_WARN_CONSTANT_CONVERSION = YES;
				CLANG_WARN_DIRECT_OBJC_ISA_USAGE = YES_ERROR;
				CLANG_WARN_EMPTY_BODY = YES;
				CLANG_WARN_ENUM_CONVERSION = YES;
				CLANG_WARN_INT_CONVERSION = YES;
				CLANG_WARN_OBJC_ROOT_CLASS = YES_ERROR;
				CLANG_WARN_UNREACHABLE_CODE = YES;
				CLANG_WARN__DUPLICATE_METHOD_MATCH = YES;
				COPY_PHASE_STRIP = NO;
				ENABLE_STRICT_OBJC_MSGSEND = YES;
				GCC_C_LANGUAGE_STANDARD = gnu99;
				GCC_DYNAMIC_NO_PIC = NO;
				GCC_OPTIMIZATION_LEVEL = 0;
				GCC_PREPROCESSOR_DEFINITIONS = (
					"DEBUG=1",
					"$(inherited)",
				);
				GCC_SYMBOLS_PRIVATE_EXTERN = NO;
				GCC_WARN_64_TO_32_BIT_CONVERSION = YES;
				GCC_WARN_ABOUT_RETURN_TYPE = YES_ERROR;
				GCC_WARN_UNDECLARED_SELECTOR = YES;
				GCC_WARN_UNINITIALIZED_AUTOS = YES_AGGRESSIVE;
				GCC_WARN_UNUSED_FUNCTION = YES;
				GCC_WARN_UNUSED_VARIABLE = YES;
				MACOSX_DEPLOYMENT_TARGET = 10.10;
				MTL_ENABLE_DEBUG_INFO = YES;
				ONLY_ACTIVE_ARCH = YES;
				SDKROOT = macosx;
				SWIFT_OPTIMIZATION_LEVEL = "-Onone";
				USER_HEADER_SEARCH_PATHS = "../**";
			};
			name = Debug;
		};
		1DE11C9D1A44EB25001C7FE8 /* Release */ = {
			isa = XCBuildConfiguration;
			buildSettings = {
				ALWAYS_SEARCH_USER_PATHS = YES;
				CLANG_CXX_LANGUAGE_STANDARD = "gnu++0x";
				CLANG_CXX_LIBRARY = "libc++";
				CLANG_ENABLE_MODULES = YES;
				CLANG_ENABLE_OBJC_ARC = YES;
				CLANG_WARN_BOOL_CONVERSION = YES;
				CLANG_WARN_CONSTANT_CONVERSION = YES;
				CLANG_WARN_DIRECT_OBJC_ISA_USAGE = YES_ERROR;
				CLANG_WARN_EMPTY_BODY = YES;
				CLANG_WARN_ENUM_CONVERSION = YES;
				CLANG_WARN_INT_CONVERSION = YES;
				CLANG_WARN_OBJC_ROOT_CLASS = YES_ERROR;
				CLANG_WARN_UNREACHABLE_CODE = YES;
				CLANG_WARN__DUPLICATE_METHOD_MATCH = YES;
				COPY_PHASE_STRIP = YES;
				DEBUG_INFORMATION_FORMAT = "dwarf-with-dsym";
				ENABLE_NS_ASSERTIONS = NO;
				ENABLE_STRICT_OBJC_MSGSEND = YES;
				GCC_C_LANGUAGE_STANDARD = gnu99;
				GCC_WARN_64_TO_32_BIT_CONVERSION = YES;
				GCC_WARN_ABOUT_RETURN_TYPE = YES_ERROR;
				GCC_WARN_UNDECLARED_SELECTOR = YES;
				GCC_WARN_UNINITIALIZED_AUTOS = YES_AGGRESSIVE;
				GCC_WARN_UNUSED_FUNCTION = YES;
				GCC_WARN_UNUSED_VARIABLE = YES;
				MACOSX_DEPLOYMENT_TARGET = 10.10;
				MTL_ENABLE_DEBUG_INFO = NO;
				SDKROOT = macosx;
				USER_HEADER_SEARCH_PATHS = "../**";
			};
			name = Release;
		};
/* End XCBuildConfiguration section */

/* Begin XCConfigurationList section */
		1DA02BE51A4A40D600F095A6 /* Build configuration list for PBXNativeTarget "QLabFromCsv" */ = {
			isa = XCConfigurationList;
			buildConfigurations = (
				1DA02BE11A4A40D600F095A6 /* Debug */,
				1DA02BE21A4A40D600F095A6 /* Release */,
			);
			defaultConfigurationIsVisible = 0;
			defaultConfigurationName = Release;
		};
		1DE11C921A44EB24001C7FE8 /* Build configuration list for PBXProject "QLab From CSV" */ = {
			isa = XCConfigurationList;
			buildConfigurations = (
				1DE11C9C1A44EB25001C7FE8 /* Debug */,
				1DE11C9D1A44EB25001C7FE8 /* Release */,
			);
			defaultConfigurationIsVisible = 0;
			defaultConfigurationName = Release;
		};
/* End XCConfigurationList section */
	};
	rootObject = 1DE11C8F1A44EB24001C7FE8 /* Project object */;
}
